// !$*UTF8*$!
{
	archiveVersion = 1;
	classes = {
	};
	objectVersion = 50;
	objects = {

/* Begin PBXBuildFile section */
		F144B51F26EB54C600247FE3 /* BogdanCardApp.swift in Sources */ = {isa = PBXBuildFile; fileRef = F144B51E26EB54C600247FE3 /* BogdanCardApp.swift */; };
		F144B52126EB54C600247FE3 /* ContentView.swift in Sources */ = {isa = PBXBuildFile; fileRef = F144B52026EB54C600247FE3 /* ContentView.swift */; };
		F144B52326EB54C700247FE3 /* Assets.xcassets in Resources */ = {isa = PBXBuildFile; fileRef = F144B52226EB54C700247FE3 /* Assets.xcassets */; };
		F144B52626EB54C700247FE3 /* Preview Assets.xcassets in Resources */ = {isa = PBXBuildFile; fileRef = F144B52526EB54C700247FE3 /* Preview Assets.xcassets */; };
		F144B52F26EB57F900247FE3 /* Glory-VariableFont_wght.ttf in Resources */ = {isa = PBXBuildFile; fileRef = F144B52E26EB57F900247FE3 /* Glory-VariableFont_wght.ttf */; };
		F144B53326EB63EB00247FE3 /* InfoView.swift in Sources */ = {isa = PBXBuildFile; fileRef = F144B53226EB63EB00247FE3 /* InfoView.swift */; };
/* End PBXBuildFile section */

/* Begin PBXFileReference section */
		F144B51B26EB54C600247FE3 /* BogdanCard.app */ = {isa = PBXFileReference; explicitFileType = wrapper.application; includeInIndex = 0; path = BogdanCard.app; sourceTree = BUILT_PRODUCTS_DIR; };
		F144B51E26EB54C600247FE3 /* BogdanCardApp.swift */ = {isa = PBXFileReference; lastKnownFileType = sourcecode.swift; path = BogdanCardApp.swift; sourceTree = "<group>"; };
		F144B52026EB54C600247FE3 /* ContentView.swift */ = {isa = PBXFileReference; lastKnownFileType = sourcecode.swift; path = ContentView.swift; sourceTree = "<group>"; };
		F144B52226EB54C700247FE3 /* Assets.xcassets */ = {isa = PBXFileReference; lastKnownFileType = folder.assetcatalog; path = Assets.xcassets; sourceTree = "<group>"; };
		F144B52526EB54C700247FE3 /* Preview Assets.xcassets */ = {isa = PBXFileReference; lastKnownFileType = folder.assetcatalog; path = "Preview Assets.xcassets"; sourceTree = "<group>"; };
		F144B52726EB54C700247FE3 /* Info.plist */ = {isa = PBXFileReference; lastKnownFileType = text.plist.xml; path = Info.plist; sourceTree = "<group>"; };
		F144B52E26EB57F900247FE3 /* Glory-VariableFont_wght.ttf */ = {isa = PBXFileReference; lastKnownFileType = file; name = "Glory-VariableFont_wght.ttf"; path = "Glory/Glory-VariableFont_wght.ttf"; sourceTree = SOURCE_ROOT; };
		F144B53226EB63EB00247FE3 /* InfoView.swift */ = {isa = PBXFileReference; lastKnownFileType = sourcecode.swift; path = InfoView.swift; sourceTree = "<group>"; };
/* End PBXFileReference section */

/* Begin PBXFrameworksBuildPhase section */
		F144B51826EB54C600247FE3 /* Frameworks */ = {
			isa = PBXFrameworksBuildPhase;
			buildActionMask = 2147483647;
			files = (
			);
			runOnlyForDeploymentPostprocessing = 0;
		};
/* End PBXFrameworksBuildPhase section */

/* Begin PBXGroup section */
		F144B51226EB54C600247FE3 = {
			isa = PBXGroup;
			children = (
				F144B51D26EB54C600247FE3 /* BogdanCard */,
				F144B51C26EB54C600247FE3 /* Products */,
			);
			sourceTree = "<group>";
		};
		F144B51C26EB54C600247FE3 /* Products */ = {
			isa = PBXGroup;
			children = (
				F144B51B26EB54C600247FE3 /* BogdanCard.app */,
			);
			name = Products;
			sourceTree = "<group>";
		};
		F144B51D26EB54C600247FE3 /* BogdanCard */ = {
			isa = PBXGroup;
			children = (
				F144B52D26EB57DC00247FE3 /* fonts */,
				F144B51E26EB54C600247FE3 /* BogdanCardApp.swift */,
				F144B52026EB54C600247FE3 /* ContentView.swift */,
				F144B52226EB54C700247FE3 /* Assets.xcassets */,
				F144B52726EB54C700247FE3 /* Info.plist */,
				F144B52426EB54C700247FE3 /* Preview Content */,
				F144B53226EB63EB00247FE3 /* InfoView.swift */,
			);
			path = BogdanCard;
			sourceTree = "<group>";
		};
		F144B52426EB54C700247FE3 /* Preview Content */ = {
			isa = PBXGroup;
			children = (
				F144B52526EB54C700247FE3 /* Preview Assets.xcassets */,
			);
			path = "Preview Content";
			sourceTree = "<group>";
		};
		F144B52D26EB57DC00247FE3 /* fonts */ = {
			isa = PBXGroup;
			children = (
				F144B52E26EB57F900247FE3 /* Glory-VariableFont_wght.ttf */,
			);
			path = fonts;
			sourceTree = "<group>";
		};
/* End PBXGroup section */

/* Begin PBXNativeTarget section */
		F144B51A26EB54C600247FE3 /* BogdanCard */ = {
			isa = PBXNativeTarget;
			buildConfigurationList = F144B52A26EB54C700247FE3 /* Build configuration list for PBXNativeTarget "BogdanCard" */;
			buildPhases = (
				F144B51726EB54C600247FE3 /* Sources */,
				F144B51826EB54C600247FE3 /* Frameworks */,
				F144B51926EB54C600247FE3 /* Resources */,
			);
			buildRules = (
			);
			dependencies = (
			);
			name = BogdanCard;
			productName = BogdanCard;
			productReference = F144B51B26EB54C600247FE3 /* BogdanCard.app */;
			productType = "com.apple.product-type.application";
		};
/* End PBXNativeTarget section */

/* Begin PBXProject section */
		F144B51326EB54C600247FE3 /* Project object */ = {
			isa = PBXProject;
			attributes = {
				LastSwiftUpdateCheck = 1250;
				LastUpgradeCheck = 1250;
				TargetAttributes = {
					F144B51A26EB54C600247FE3 = {
						CreatedOnToolsVersion = 12.5.1;
					};
				};
			};
			buildConfigurationList = F144B51626EB54C600247FE3 /* Build configuration list for PBXProject "BogdanCard" */;
			compatibilityVersion = "Xcode 9.3";
			developmentRegion = en;
			hasScannedForEncodings = 0;
			knownRegions = (
				en,
				Base,
			);
			mainGroup = F144B51226EB54C600247FE3;
			productRefGroup = F144B51C26EB54C600247FE3 /* Products */;
			projectDirPath = "";
			projectRoot = "";
			targets = (
				F144B51A26EB54C600247FE3 /* BogdanCard */,
			);
		};
/* End PBXProject section */

/* Begin PBXResourcesBuildPhase section */
		F144B51926EB54C600247FE3 /* Resources */ = {
			isa = PBXResourcesBuildPhase;
			buildActionMask = 2147483647;
			files = (
				F144B52F26EB57F900247FE3 /* Glory-VariableFont_wght.ttf in Resources */,
				F144B52626EB54C700247FE3 /* Preview Assets.xcassets in Resources */,
				F144B52326EB54C700247FE3 /* Assets.xcassets in Resources */,
			);
			runOnlyForDeploymentPostprocessing = 0;
		};
/* End PBXResourcesBuildPhase section */

/* Begin PBXSourcesBuildPhase section */
		F144B51726EB54C600247FE3 /* Sources */ = {
			isa = PBXSourcesBuildPhase;
			buildActionMask = 2147483647;
			files = (
				F144B52126EB54C600247FE3 /* ContentView.swift in Sources */,
				F144B53326EB63EB00247FE3 /* InfoView.swift in Sources */,
				F144B51F26EB54C600247FE3 /* BogdanCardApp.swift in Sources */,
			);
			runOnlyForDeploymentPostprocessing = 0;
		};
/* End PBXSourcesBuildPhase section */

/* Begin XCBuildConfiguration section */
		F144B52826EB54C700247FE3 /* Debug */ = {
			isa = XCBuildConfiguration;
			buildSettings = {
				ALWAYS_SEARCH_USER_PATHS = NO;
				CLANG_ANALYZER_NONNULL = YES;
				CLANG_ANALYZER_NUMBER_OBJECT_CONVERSION = YES_AGGRESSIVE;
				CLANG_CXX_LANGUAGE_STANDARD = "gnu++14";
				CLANG_CXX_LIBRARY = "libc++";
				CLANG_ENABLE_MODULES = YES;
				CLANG_ENABLE_OBJC_ARC = YES;
				CLANG_ENABLE_OBJC_WEAK = YES;
				CLANG_WARN_BLOCK_CAPTURE_AUTORELEASING = YES;
				CLANG_WARN_BOOL_CONVERSION = YES;
				CLANG_WARN_COMMA = YES;
				CLANG_WARN_CONSTANT_CONVERSION = YES;
				CLANG_WARN_DEPRECATED_OBJC_IMPLEMENTATIONS = YES;
				CLANG_WARN_DIRECT_OBJC_ISA_USAGE = YES_ERROR;
				CLANG_WARN_DOCUMENTATION_COMMENTS = YES;
				CLANG_WARN_EMPTY_BODY = YES;
				CLANG_WARN_ENUM_CONVERSION = YES;
				CLANG_WARN_INFINITE_RECURSION = YES;
				CLANG_WARN_INT_CONVERSION = YES;
				CLANG_WARN_NON_LITERAL_NULL_CONVERSION = YES;
				CLANG_WARN_OBJC_IMPLICIT_RETAIN_SELF = YES;
				CLANG_WARN_OBJC_LITERAL_CONVERSION = YES;
				CLANG_WARN_OBJC_ROOT_CLASS = YES_ERROR;
				CLANG_WARN_QUOTED_INCLUDE_IN_FRAMEWORK_HEADER = YES;
				CLANG_WARN_RANGE_LOOP_ANALYSIS = YES;
				CLANG_WARN_STRICT_PROTOTYPES = YES;
				CLANG_WARN_SUSPICIOUS_MOVE = YES;
				CLANG_WARN_UNGUARDED_AVAILABILITY = YES_AGGRESSIVE;
				CLANG_WARN_UNREACHABLE_CODE = YES;
				CLANG_WARN__DUPLICATE_METHOD_MATCH = YES;
				COPY_PHASE_STRIP = NO;
				DEBUG_INFORMATION_FORMAT = dwarf;
				ENABLE_STRICT_OBJC_MSGSEND = YES;
				ENABLE_TESTABILITY = YES;
				GCC_C_LANGUAGE_STANDARD = gnu11;
				GCC_DYNAMIC_NO_PIC = NO;
				GCC_NO_COMMON_BLOCKS = YES;
				GCC_OPTIMIZATION_LEVEL = 0;
				GCC_PREPROCESSOR_DEFINITIONS = (
					"DEBUG=1",
					"$(inherited)",
				);
				GCC_WARN_64_TO_32_BIT_CONVERSION = YES;
				GCC_WARN_ABOUT_RETURN_TYPE = YES_ERROR;
				GCC_WARN_UNDECLARED_SELECTOR = YES;
				GCC_WARN_UNINITIALIZED_AUTOS = YES_AGGRESSIVE;
				GCC_WARN_UNUSED_FUNCTION = YES;
				GCC_WARN_UNUSED_VARIABLE = YES;
				IPHONEOS_DEPLOYMENT_TARGET = 14.5;
				MTL_ENABLE_DEBUG_INFO = INCLUDE_SOURCE;
				MTL_FAST_MATH = YES;
				ONLY_ACTIVE_ARCH = YES;
				SDKROOT = iphoneos;
				SWIFT_ACTIVE_COMPILATION_CONDITIONS = DEBUG;
				SWIFT_OPTIMIZATION_LEVEL = "-Onone";
			};
			name = Debug;
		};
		F144B52926EB54C700247FE3 /* Release */ = {
			isa = XCBuildConfiguration;
			buildSettings = {
				ALWAYS_SEARCH_USER_PATHS = NO;
				CLANG_ANALYZER_NONNULL = YES;
				CLANG_ANALYZER_NUMBER_OBJECT_CONVERSION = YES_AGGRESSIVE;
				CLANG_CXX_LANGUAGE_STANDARD = "gnu++14";
				CLANG_CXX_LIBRARY = "libc++";
				CLANG_ENABLE_MODULES = YES;
				CLANG_ENABLE_OBJC_ARC = YES;
				CLANG_ENABLE_OBJC_WEAK = YES;
				CLANG_WARN_BLOCK_CAPTURE_AUTORELEASING = YES;
				CLANG_WARN_BOOL_CONVERSION = YES;
				CLANG_WARN_COMMA = YES;
				CLANG_WARN_CONSTANT_CONVERSION = YES;
				CLANG_WARN_DEPRECATED_OBJC_IMPLEMENTATIONS = YES;
				CLANG_WARN_DIRECT_OBJC_ISA_USAGE = YES_ERROR;
				CLANG_WARN_DOCUMENTATION_COMMENTS = YES;
				CLANG_WARN_EMPTY_BODY = YES;
				CLANG_WARN_ENUM_CONVERSION = YES;
				CLANG_WARN_INFINITE_RECURSION = YES;
				CLANG_WARN_INT_CONVERSION = YES;
				CLANG_WARN_NON_LITERAL_NULL_CONVERSION = YES;
				CLANG_WARN_OBJC_IMPLICIT_RETAIN_SELF = YES;
				CLANG_WARN_OBJC_LITERAL_CONVERSION = YES;
				CLANG_WARN_OBJC_ROOT_CLASS = YES_ERROR;
				CLANG_WARN_QUOTED_INCLUDE_IN_FRAMEWORK_HEADER = YES;
				CLANG_WARN_RANGE_LOOP_ANALYSIS = YES;
				CLANG_WARN_STRICT_PROTOTYPES = YES;
				CLANG_WARN_SUSPICIOUS_MOVE = YES;
				CLANG_WARN_UNGUARDED_AVAILABILITY = YES_AGGRESSIVE;
				CLANG_WARN_UNREACHABLE_CODE = YES;
				CLANG_WARN__DUPLICATE_METHOD_MATCH = YES;
				COPY_PHASE_STRIP = NO;
				DEBUG_INFORMATION_FORMAT = "dwarf-with-dsym";
				ENABLE_NS_ASSERTIONS = NO;
				ENABLE_STRICT_OBJC_MSGSEND = YES;
				GCC_C_LANGUAGE_STANDARD = gnu11;
				GCC_NO_COMMON_BLOCKS = YES;
				GCC_WARN_64_TO_32_BIT_CONVERSION = YES;
				GCC_WARN_ABOUT_RETURN_TYPE = YES_ERROR;
				GCC_WARN_UNDECLARED_SELECTOR = YES;
				GCC_WARN_UNINITIALIZED_AUTOS = YES_AGGRESSIVE;
				GCC_WARN_UNUSED_FUNCTION = YES;
				GCC_WARN_UNUSED_VARIABLE = YES;
				IPHONEOS_DEPLOYMENT_TARGET = 14.5;
				MTL_ENABLE_DEBUG_INFO = NO;
				MTL_FAST_MATH = YES;
				SDKROOT = iphoneos;
				SWIFT_COMPILATION_MODE = wholemodule;
				SWIFT_OPTIMIZATION_LEVEL = "-O";
				VALIDATE_PRODUCT = YES;
			};
			name = Release;
		};
		F144B52B26EB54C700247FE3 /* Debug */ = {
			isa = XCBuildConfiguration;
			buildSettings = {
				ASSETCATALOG_COMPILER_APPICON_NAME = AppIcon;
				ASSETCATALOG_COMPILER_GLOBAL_ACCENT_COLOR_NAME = AccentColor;
				CODE_SIGN_STYLE = Automatic;
				DEVELOPMENT_ASSET_PATHS = "\"BogdanCard/Preview Content\"";
				DEVELOPMENT_TEAM = "";
				ENABLE_PREVIEWS = YES;
				INFOPLIST_FILE = BogdanCard/Info.plist;
				IPHONEOS_DEPLOYMENT_TARGET = 14.0;
				LD_RUNPATH_SEARCH_PATHS = (
					"$(inherited)",
					"@executable_path/Frameworks",
				);
				PRODUCT_BUNDLE_IDENTIFIER = com.bogdandediu.BogdanCard;
				PRODUCT_NAME = "$(TARGET_NAME)";
				SWIFT_VERSION = 5.0;
				TARGETED_DEVICE_FAMILY = "1,2";
			};
			name = Debug;
		};
		F144B52C26EB54C700247FE3 /* Release */ = {
			isa = XCBuildConfiguration;
			buildSettings = {
				ASSETCATALOG_COMPILER_APPICON_NAME = AppIcon;
				ASSETCATALOG_COMPILER_GLOBAL_ACCENT_COLOR_NAME = AccentColor;
				CODE_SIGN_STYLE = Automatic;
				DEVELOPMENT_ASSET_PATHS = "\"BogdanCard/Preview Content\"";
				DEVELOPMENT_TEAM = "";
				ENABLE_PREVIEWS = YES;
				INFOPLIST_FILE = BogdanCard/Info.plist;
				IPHONEOS_DEPLOYMENT_TARGET = 14.0;
				LD_RUNPATH_SEARCH_PATHS = (
					"$(inherited)",
					"@executable_path/Frameworks",
				);
				PRODUCT_BUNDLE_IDENTIFIER = com.bogdandediu.BogdanCard;
				PRODUCT_NAME = "$(TARGET_NAME)";
				SWIFT_VERSION = 5.0;
				TARGETED_DEVICE_FAMILY = "1,2";
			};
			name = Release;
		};
/* End XCBuildConfiguration section */

/* Begin XCConfigurationList section */
		F144B51626EB54C600247FE3 /* Build configuration list for PBXProject "BogdanCard" */ = {
			isa = XCConfigurationList;
			buildConfigurations = (
				F144B52826EB54C700247FE3 /* Debug */,
				F144B52926EB54C700247FE3 /* Release */,
			);
			defaultConfigurationIsVisible = 0;
			defaultConfigurationName = Release;
		};
		F144B52A26EB54C700247FE3 /* Build configuration list for PBXNativeTarget "BogdanCard" */ = {
			isa = XCConfigurationList;
			buildConfigurations = (
				F144B52B26EB54C700247FE3 /* Debug */,
				F144B52C26EB54C700247FE3 /* Release */,
			);
			defaultConfigurationIsVisible = 0;
			defaultConfigurationName = Release;
		};
/* End XCConfigurationList section */
	};
	rootObject = F144B51326EB54C600247FE3 /* Project object */;
}
